// !$*UTF8*$!
{
	archiveVersion = 1;
	classes = {
	};
	objectVersion = 77;
	objects = {

/* Begin PBXContainerItemProxy section */
		A6CBAB392DDAFE1700693D6C /* PBXContainerItemProxy */ = {
			isa = PBXContainerItemProxy;
			containerPortal = A6CBAB1A2DDAFE1400693D6C /* Project object */;
			proxyType = 1;
			remoteGlobalIDString = A6CBAB212DDAFE1400693D6C;
			remoteInfo = ColorChange;
		};
		A6CBAB432DDAFE1700693D6C /* PBXContainerItemProxy */ = {
			isa = PBXContainerItemProxy;
			containerPortal = A6CBAB1A2DDAFE1400693D6C /* Project object */;
			proxyType = 1;
			remoteGlobalIDString = A6CBAB212DDAFE1400693D6C;
			remoteInfo = ColorChange;
		};
/* End PBXContainerItemProxy section */

/* Begin PBXFileReference section */
		A6CBAB222DDAFE1400693D6C /* ColorChange.app */ = {isa = PBXFileReference; explicitFileType = wrapper.application; includeInIndex = 0; path = ColorChange.app; sourceTree = BUILT_PRODUCTS_DIR; };
		A6CBAB382DDAFE1700693D6C /* ColorChangeTests.xctest */ = {isa = PBXFileReference; explicitFileType = wrapper.cfbundle; includeInIndex = 0; path = ColorChangeTests.xctest; sourceTree = BUILT_PRODUCTS_DIR; };
		A6CBAB422DDAFE1700693D6C /* ColorChangeUITests.xctest */ = {isa = PBXFileReference; explicitFileType = wrapper.cfbundle; includeInIndex = 0; path = ColorChangeUITests.xctest; sourceTree = BUILT_PRODUCTS_DIR; };
/* End PBXFileReference section */

/* Begin PBXFileSystemSynchronizedBuildFileExceptionSet section */
		A6CBAB4A2DDAFE1700693D6C /* Exceptions for "ColorChange" folder in "ColorChange" target */ = {
			isa = PBXFileSystemSynchronizedBuildFileExceptionSet;
			membershipExceptions = (
				Info.plist,
			);
			target = A6CBAB212DDAFE1400693D6C /* ColorChange */;
		};
/* End PBXFileSystemSynchronizedBuildFileExceptionSet section */

/* Begin PBXFileSystemSynchronizedRootGroup section */
		A6CBAB242DDAFE1400693D6C /* ColorChange */ = {
			isa = PBXFileSystemSynchronizedRootGroup;
			exceptions = (
				A6CBAB4A2DDAFE1700693D6C /* Exceptions for "ColorChange" folder in "ColorChange" target */,
			);
			path = ColorChange;
			sourceTree = "<group>";
		};
		A6CBAB3B2DDAFE1700693D6C /* ColorChangeTests */ = {
			isa = PBXFileSystemSynchronizedRootGroup;
			path = ColorChangeTests;
			sourceTree = "<group>";
		};
		A6CBAB452DDAFE1700693D6C /* ColorChangeUITests */ = {
			isa = PBXFileSystemSynchronizedRootGroup;
			path = ColorChangeUITests;
			sourceTree = "<group>";
		};
/* End PBXFileSystemSynchronizedRootGroup section */

/* Begin PBXFrameworksBuildPhase section */
		A6CBAB1F2DDAFE1400693D6C /* Frameworks */ = {
			isa = PBXFrameworksBuildPhase;
			buildActionMask = 2147483647;
			files = (
			);
			runOnlyForDeploymentPostprocessing = 0;
		};
		A6CBAB352DDAFE1700693D6C /* Frameworks */ = {
			isa = PBXFrameworksBuildPhase;
			buildActionMask = 2147483647;
			files = (
			);
			runOnlyForDeploymentPostprocessing = 0;
		};
		A6CBAB3F2DDAFE1700693D6C /* Frameworks */ = {
			isa = PBXFrameworksBuildPhase;
			buildActionMask = 2147483647;
			files = (
			);
			runOnlyForDeploymentPostprocessing = 0;
		};
/* End PBXFrameworksBuildPhase section */

/* Begin PBXGroup section */
		A6CBAB192DDAFE1400693D6C = {
			isa = PBXGroup;
			children = (
				A6CBAB242DDAFE1400693D6C /* ColorChange */,
				A6CBAB3B2DDAFE1700693D6C /* ColorChangeTests */,
				A6CBAB452DDAFE1700693D6C /* ColorChangeUITests */,
				A6CBAB232DDAFE1400693D6C /* Products */,
			);
			sourceTree = "<group>";
		};
		A6CBAB232DDAFE1400693D6C /* Products */ = {
			isa = PBXGroup;
			children = (
				A6CBAB222DDAFE1400693D6C /* ColorChange.app */,
				A6CBAB382DDAFE1700693D6C /* ColorChangeTests.xctest */,
				A6CBAB422DDAFE1700693D6C /* ColorChangeUITests.xctest */,
			);
			name = Products;
			sourceTree = "<group>";
		};
/* End PBXGroup section */

/* Begin PBXNativeTarget section */
		A6CBAB212DDAFE1400693D6C /* ColorChange */ = {
			isa = PBXNativeTarget;
			buildConfigurationList = A6CBAB4B2DDAFE1700693D6C /* Build configuration list for PBXNativeTarget "ColorChange" */;
			buildPhases = (
				A6CBAB1E2DDAFE1400693D6C /* Sources */,
				A6CBAB1F2DDAFE1400693D6C /* Frameworks */,
				A6CBAB202DDAFE1400693D6C /* Resources */,
			);
			buildRules = (
			);
			dependencies = (
			);
			fileSystemSynchronizedGroups = (
				A6CBAB242DDAFE1400693D6C /* ColorChange */,
			);
			name = ColorChange;
			packageProductDependencies = (
			);
			productName = ColorChange;
			productReference = A6CBAB222DDAFE1400693D6C /* ColorChange.app */;
			productType = "com.apple.product-type.application";
		};
		A6CBAB372DDAFE1700693D6C /* ColorChangeTests */ = {
			isa = PBXNativeTarget;
			buildConfigurationList = A6CBAB502DDAFE1700693D6C /* Build configuration list for PBXNativeTarget "ColorChangeTests" */;
			buildPhases = (
				A6CBAB342DDAFE1700693D6C /* Sources */,
				A6CBAB352DDAFE1700693D6C /* Frameworks */,
				A6CBAB362DDAFE1700693D6C /* Resources */,
			);
			buildRules = (
			);
			dependencies = (
				A6CBAB3A2DDAFE1700693D6C /* PBXTargetDependency */,
			);
			fileSystemSynchronizedGroups = (
				A6CBAB3B2DDAFE1700693D6C /* ColorChangeTests */,
			);
			name = ColorChangeTests;
			packageProductDependencies = (
			);
			productName = ColorChangeTests;
			productReference = A6CBAB382DDAFE1700693D6C /* ColorChangeTests.xctest */;
			productType = "com.apple.product-type.bundle.unit-test";
		};
		A6CBAB412DDAFE1700693D6C /* ColorChangeUITests */ = {
			isa = PBXNativeTarget;
			buildConfigurationList = A6CBAB532DDAFE1700693D6C /* Build configuration list for PBXNativeTarget "ColorChangeUITests" */;
			buildPhases = (
				A6CBAB3E2DDAFE1700693D6C /* Sources */,
				A6CBAB3F2DDAFE1700693D6C /* Frameworks */,
				A6CBAB402DDAFE1700693D6C /* Resources */,
			);
			buildRules = (
			);
			dependencies = (
				A6CBAB442DDAFE1700693D6C /* PBXTargetDependency */,
			);
			fileSystemSynchronizedGroups = (
				A6CBAB452DDAFE1700693D6C /* ColorChangeUITests */,
			);
			name = ColorChangeUITests;
			packageProductDependencies = (
			);
			productName = ColorChangeUITests;
			productReference = A6CBAB422DDAFE1700693D6C /* ColorChangeUITests.xctest */;
			productType = "com.apple.product-type.bundle.ui-testing";
		};
/* End PBXNativeTarget section */

/* Begin PBXProject section */
		A6CBAB1A2DDAFE1400693D6C /* Project object */ = {
			isa = PBXProject;
			attributes = {
				BuildIndependentTargetsInParallel = 1;
				LastSwiftUpdateCheck = 1630;
				LastUpgradeCheck = 1630;
				TargetAttributes = {
					A6CBAB212DDAFE1400693D6C = {
						CreatedOnToolsVersion = 16.3;
					};
					A6CBAB372DDAFE1700693D6C = {
						CreatedOnToolsVersion = 16.3;
						TestTargetID = A6CBAB212DDAFE1400693D6C;
					};
					A6CBAB412DDAFE1700693D6C = {
						CreatedOnToolsVersion = 16.3;
						TestTargetID = A6CBAB212DDAFE1400693D6C;
					};
				};
			};
			buildConfigurationList = A6CBAB1D2DDAFE1400693D6C /* Build configuration list for PBXProject "ColorChange" */;
			developmentRegion = en;
			hasScannedForEncodings = 0;
			knownRegions = (
				en,
				Base,
			);
			mainGroup = A6CBAB192DDAFE1400693D6C;
			minimizedProjectReferenceProxies = 1;
			preferredProjectObjectVersion = 77;
			productRefGroup = A6CBAB232DDAFE1400693D6C /* Products */;
			projectDirPath = "";
			projectRoot = "";
			targets = (
				A6CBAB212DDAFE1400693D6C /* ColorChange */,
				A6CBAB372DDAFE1700693D6C /* ColorChangeTests */,
				A6CBAB412DDAFE1700693D6C /* ColorChangeUITests */,
			);
		};
/* End PBXProject section */

/* Begin PBXResourcesBuildPhase section */
		A6CBAB202DDAFE1400693D6C /* Resources */ = {
			isa = PBXResourcesBuildPhase;
			buildActionMask = 2147483647;
			files = (
			);
			runOnlyForDeploymentPostprocessing = 0;
		};
		A6CBAB362DDAFE1700693D6C /* Resources */ = {
			isa = PBXResourcesBuildPhase;
			buildActionMask = 2147483647;
			files = (
			);
			runOnlyForDeploymentPostprocessing = 0;
		};
		A6CBAB402DDAFE1700693D6C /* Resources */ = {
			isa = PBXResourcesBuildPhase;
			buildActionMask = 2147483647;
			files = (
			);
			runOnlyForDeploymentPostprocessing = 0;
		};
/* End PBXResourcesBuildPhase section */

/* Begin PBXSourcesBuildPhase section */
		A6CBAB1E2DDAFE1400693D6C /* Sources */ = {
			isa = PBXSourcesBuildPhase;
			buildActionMask = 2147483647;
			files = (
			);
			runOnlyForDeploymentPostprocessing = 0;
		};
		A6CBAB342DDAFE1700693D6C /* Sources */ = {
			isa = PBXSourcesBuildPhase;
			buildActionMask = 2147483647;
			files = (
			);
			runOnlyForDeploymentPostprocessing = 0;
		};
		A6CBAB3E2DDAFE1700693D6C /* Sources */ = {
			isa = PBXSourcesBuildPhase;
			buildActionMask = 2147483647;
			files = (
			);
			runOnlyForDeploymentPostprocessing = 0;
		};
/* End PBXSourcesBuildPhase section */

/* Begin PBXTargetDependency section */
		A6CBAB3A2DDAFE1700693D6C /* PBXTargetDependency */ = {
			isa = PBXTargetDependency;
			target = A6CBAB212DDAFE1400693D6C /* ColorChange */;
			targetProxy = A6CBAB392DDAFE1700693D6C /* PBXContainerItemProxy */;
		};
		A6CBAB442DDAFE1700693D6C /* PBXTargetDependency */ = {
			isa = PBXTargetDependency;
			target = A6CBAB212DDAFE1400693D6C /* ColorChange */;
			targetProxy = A6CBAB432DDAFE1700693D6C /* PBXContainerItemProxy */;
		};
/* End PBXTargetDependency section */

/* Begin XCBuildConfiguration section */
		A6CBAB4C2DDAFE1700693D6C /* Debug */ = {
			isa = XCBuildConfiguration;
			buildSettings = {
				ASSETCATALOG_COMPILER_APPICON_NAME = AppIcon;
				ASSETCATALOG_COMPILER_GLOBAL_ACCENT_COLOR_NAME = AccentColor;
				CODE_SIGN_STYLE = Automatic;
				CURRENT_PROJECT_VERSION = 1;
				DEVELOPMENT_TEAM = CP8Q52RFD3;
				GENERATE_INFOPLIST_FILE = YES;
				INFOPLIST_FILE = ColorChange/Info.plist;
				INFOPLIST_KEY_UIApplicationSupportsIndirectInputEvents = YES;
				INFOPLIST_KEY_UILaunchStoryboardName = LaunchScreen;
				INFOPLIST_KEY_UIMainStoryboardFile = Main;
				INFOPLIST_KEY_UISupportedInterfaceOrientations_iPad = "UIInterfaceOrientationPortrait UIInterfaceOrientationPortraitUpsideDown UIInterfaceOrientationLandscapeLeft UIInterfaceOrientationLandscapeRight";
				INFOPLIST_KEY_UISupportedInterfaceOrientations_iPhone = "UIInterfaceOrientationPortrait UIInterfaceOrientationLandscapeLeft UIInterfaceOrientationLandscapeRight";
				LD_RUNPATH_SEARCH_PATHS = (
					"$(inherited)",
					"@executable_path/Frameworks",
				);
				MARKETING_VERSION = 1.0;
				PRODUCT_BUNDLE_IDENTIFIER = me.ColorChange;
				PRODUCT_NAME = "$(TARGET_NAME)";
				SWIFT_EMIT_LOC_STRINGS = YES;
				SWIFT_VERSION = 5.0;
				TARGETED_DEVICE_FAMILY = "1,2";
			};
			name = Debug;
		};
		A6CBAB4D2DDAFE1700693D6C /* Release */ = {
			isa = XCBuildConfiguration;
			buildSettings = {
				ASSETCATALOG_COMPILER_APPICON_NAME = AppIcon;
				ASSETCATALOG_COMPILER_GLOBAL_ACCENT_COLOR_NAME = AccentColor;
				CODE_SIGN_STYLE = Automatic;
				CURRENT_PROJECT_VERSION = 1;
				DEVELOPMENT_TEAM = CP8Q52RFD3;
				GENERATE_INFOPLIST_FILE = YES;
				INFOPLIST_FILE = ColorChange/Info.plist;
				INFOPLIST_KEY_UIApplicationSupportsIndirectInputEvents = YES;
				INFOPLIST_KEY_UILaunchStoryboardName = LaunchScreen;
				INFOPLIST_KEY_UIMainStoryboardFile = Main;
				INFOPLIST_KEY_UISupportedInterfaceOrientations_iPad = "UIInterfaceOrientationPortrait UIInterfaceOrientationPortraitUpsideDown UIInterfaceOrientationLandscapeLeft UIInterfaceOrientationLandscapeRight";
				INFOPLIST_KEY_UISupportedInterfaceOrientations_iPhone = "UIInterfaceOrientationPortrait UIInterfaceOrientationLandscapeLeft UIInterfaceOrientationLandscapeRight";
				LD_RUNPATH_SEARCH_PATHS = (
					"$(inherited)",
					"@executable_path/Frameworks",
				);
				MARKETING_VERSION = 1.0;
				PRODUCT_BUNDLE_IDENTIFIER = me.ColorChange;
				PRODUCT_NAME = "$(TARGET_NAME)";
				SWIFT_EMIT_LOC_STRINGS = YES;
				SWIFT_VERSION = 5.0;
				TARGETED_DEVICE_FAMILY = "1,2";
			};
			name = Release;
		};
		A6CBAB4E2DDAFE1700693D6C /* Debug */ = {
			isa = XCBuildConfiguration;
			buildSettings = {
				ALWAYS_SEARCH_USER_PATHS = NO;
				ASSETCATALOG_COMPILER_GENERATE_SWIFT_ASSET_SYMBOL_EXTENSIONS = YES;
				CLANG_ANALYZER_NONNULL = YES;
				CLANG_ANALYZER_NUMBER_OBJECT_CONVERSION = YES_AGGRESSIVE;
				CLANG_CXX_LANGUAGE_STANDARD = "gnu++20";
				CLANG_ENABLE_MODULES = YES;
				CLANG_ENABLE_OBJC_ARC = YES;
				CLANG_ENABLE_OBJC_WEAK = YES;
				CLANG_WARN_BLOCK_CAPTURE_AUTORELEASING = YES;
				CLANG_WARN_BOOL_CONVERSION = YES;
				CLANG_WARN_COMMA = YES;
				CLANG_WARN_CONSTANT_CONVERSION = YES;
				CLANG_WARN_DEPRECATED_OBJC_IMPLEMENTATIONS = YES;
				CLANG_WARN_DIRECT_OBJC_ISA_USAGE = YES_ERROR;
				CLANG_WARN_DOCUMENTATION_COMMENTS = YES;
				CLANG_WARN_EMPTY_BODY = YES;
				CLANG_WARN_ENUM_CONVERSION = YES;
				CLANG_WARN_INFINITE_RECURSION = YES;
				CLANG_WARN_INT_CONVERSION = YES;
				CLANG_WARN_NON_LITERAL_NULL_CONVERSION = YES;
				CLANG_WARN_OBJC_IMPLICIT_RETAIN_SELF = YES;
				CLANG_WARN_OBJC_LITERAL_CONVERSION = YES;
				CLANG_WARN_OBJC_ROOT_CLASS = YES_ERROR;
				CLANG_WARN_QUOTED_INCLUDE_IN_FRAMEWORK_HEADER = YES;
				CLANG_WARN_RANGE_LOOP_ANALYSIS = YES;
				CLANG_WARN_STRICT_PROTOTYPES = YES;
				CLANG_WARN_SUSPICIOUS_MOVE = YES;
				CLANG_WARN_UNGUARDED_AVAILABILITY = YES_AGGRESSIVE;
				CLANG_WARN_UNREACHABLE_CODE = YES;
				CLANG_WARN__DUPLICATE_METHOD_MATCH = YES;
				COPY_PHASE_STRIP = NO;
				DEBUG_INFORMATION_FORMAT = dwarf;
				DEVELOPMENT_TEAM = CP8Q52RFD3;
				ENABLE_STRICT_OBJC_MSGSEND = YES;
				ENABLE_TESTABILITY = YES;
				ENABLE_USER_SCRIPT_SANDBOXING = YES;
				GCC_C_LANGUAGE_STANDARD = gnu17;
				GCC_DYNAMIC_NO_PIC = NO;
				GCC_NO_COMMON_BLOCKS = YES;
				GCC_OPTIMIZATION_LEVEL = 0;
				GCC_PREPROCESSOR_DEFINITIONS = (
					"DEBUG=1",
					"$(inherited)",
				);
				GCC_WARN_64_TO_32_BIT_CONVERSION = YES;
				GCC_WARN_ABOUT_RETURN_TYPE = YES_ERROR;
				GCC_WARN_UNDECLARED_SELECTOR = YES;
				GCC_WARN_UNINITIALIZED_AUTOS = YES_AGGRESSIVE;
				GCC_WARN_UNUSED_FUNCTION = YES;
				GCC_WARN_UNUSED_VARIABLE = YES;
				IPHONEOS_DEPLOYMENT_TARGET = 18.4;
				LOCALIZATION_PREFERS_STRING_CATALOGS = YES;
				MTL_ENABLE_DEBUG_INFO = INCLUDE_SOURCE;
				MTL_FAST_MATH = YES;
				ONLY_ACTIVE_ARCH = YES;
				SDKROOT = iphoneos;
				SWIFT_ACTIVE_COMPILATION_CONDITIONS = "DEBUG $(inherited)";
				SWIFT_OPTIMIZATION_LEVEL = "-Onone";
			};
			name = Debug;
		};
		A6CBAB4F2DDAFE1700693D6C /* Release */ = {
			isa = XCBuildConfiguration;
			buildSettings = {
				ALWAYS_SEARCH_USER_PATHS = NO;
				ASSETCATALOG_COMPILER_GENERATE_SWIFT_ASSET_SYMBOL_EXTENSIONS = YES;
				CLANG_ANALYZER_NONNULL = YES;
				CLANG_ANALYZER_NUMBER_OBJECT_CONVERSION = YES_AGGRESSIVE;
				CLANG_CXX_LANGUAGE_STANDARD = "gnu++20";
				CLANG_ENABLE_MODULES = YES;
				CLANG_ENABLE_OBJC_ARC = YES;
				CLANG_ENABLE_OBJC_WEAK = YES;
				CLANG_WARN_BLOCK_CAPTURE_AUTORELEASING = YES;
				CLANG_WARN_BOOL_CONVERSION = YES;
				CLANG_WARN_COMMA = YES;
				CLANG_WARN_CONSTANT_CONVERSION = YES;
				CLANG_WARN_DEPRECATED_OBJC_IMPLEMENTATIONS = YES;
				CLANG_WARN_DIRECT_OBJC_ISA_USAGE = YES_ERROR;
				CLANG_WARN_DOCUMENTATION_COMMENTS = YES;
				CLANG_WARN_EMPTY_BODY = YES;
				CLANG_WARN_ENUM_CONVERSION = YES;
				CLANG_WARN_INFINITE_RECURSION = YES;
				CLANG_WARN_INT_CONVERSION = YES;
				CLANG_WARN_NON_LITERAL_NULL_CONVERSION = YES;
				CLANG_WARN_OBJC_IMPLICIT_RETAIN_SELF = YES;
				CLANG_WARN_OBJC_LITERAL_CONVERSION = YES;
				CLANG_WARN_OBJC_ROOT_CLASS = YES_ERROR;
				CLANG_WARN_QUOTED_INCLUDE_IN_FRAMEWORK_HEADER = YES;
				CLANG_WARN_RANGE_LOOP_ANALYSIS = YES;
				CLANG_WARN_STRICT_PROTOTYPES = YES;
				CLANG_WARN_SUSPICIOUS_MOVE = YES;
				CLANG_WARN_UNGUARDED_AVAILABILITY = YES_AGGRESSIVE;
				CLANG_WARN_UNREACHABLE_CODE = YES;
				CLANG_WARN__DUPLICATE_METHOD_MATCH = YES;
				COPY_PHASE_STRIP = NO;
				DEBUG_INFORMATION_FORMAT = "dwarf-with-dsym";
				DEVELOPMENT_TEAM = CP8Q52RFD3;
				ENABLE_NS_ASSERTIONS = NO;
				ENABLE_STRICT_OBJC_MSGSEND = YES;
				ENABLE_USER_SCRIPT_SANDBOXING = YES;
				GCC_C_LANGUAGE_STANDARD = gnu17;
				GCC_NO_COMMON_BLOCKS = YES;
				GCC_WARN_64_TO_32_BIT_CONVERSION = YES;
				GCC_WARN_ABOUT_RETURN_TYPE = YES_ERROR;
				GCC_WARN_UNDECLARED_SELECTOR = YES;
				GCC_WARN_UNINITIALIZED_AUTOS = YES_AGGRESSIVE;
				GCC_WARN_UNUSED_FUNCTION = YES;
				GCC_WARN_UNUSED_VARIABLE = YES;
				IPHONEOS_DEPLOYMENT_TARGET = 18.4;
				LOCALIZATION_PREFERS_STRING_CATALOGS = YES;
				MTL_ENABLE_DEBUG_INFO = NO;
				MTL_FAST_MATH = YES;
				SDKROOT = iphoneos;
				SWIFT_COMPILATION_MODE = wholemodule;
				VALIDATE_PRODUCT = YES;
			};
			name = Release;
		};
		A6CBAB512DDAFE1700693D6C /* Debug */ = {
			isa = XCBuildConfiguration;
			buildSettings = {
				BUNDLE_LOADER = "$(TEST_HOST)";
				CODE_SIGN_STYLE = Automatic;
				CURRENT_PROJECT_VERSION = 1;
				DEVELOPMENT_TEAM = CP8Q52RFD3;
				GENERATE_INFOPLIST_FILE = YES;
				IPHONEOS_DEPLOYMENT_TARGET = 18.4;
				MARKETING_VERSION = 1.0;
				PRODUCT_BUNDLE_IDENTIFIER = me.ColorChangeTests;
				PRODUCT_NAME = "$(TARGET_NAME)";
				SWIFT_EMIT_LOC_STRINGS = NO;
				SWIFT_VERSION = 5.0;
				TARGETED_DEVICE_FAMILY = "1,2";
				TEST_HOST = "$(BUILT_PRODUCTS_DIR)/ColorChange.app/$(BUNDLE_EXECUTABLE_FOLDER_PATH)/ColorChange";
			};
			name = Debug;
		};
		A6CBAB522DDAFE1700693D6C /* Release */ = {
			isa = XCBuildConfiguration;
			buildSettings = {
				BUNDLE_LOADER = "$(TEST_HOST)";
				CODE_SIGN_STYLE = Automatic;
				CURRENT_PROJECT_VERSION = 1;
				DEVELOPMENT_TEAM = CP8Q52RFD3;
				GENERATE_INFOPLIST_FILE = YES;
				IPHONEOS_DEPLOYMENT_TARGET = 18.4;
				MARKETING_VERSION = 1.0;
				PRODUCT_BUNDLE_IDENTIFIER = me.ColorChangeTests;
				PRODUCT_NAME = "$(TARGET_NAME)";
				SWIFT_EMIT_LOC_STRINGS = NO;
				SWIFT_VERSION = 5.0;
				TARGETED_DEVICE_FAMILY = "1,2";
				TEST_HOST = "$(BUILT_PRODUCTS_DIR)/ColorChange.app/$(BUNDLE_EXECUTABLE_FOLDER_PATH)/ColorChange";
			};
			name = Release;
		};
		A6CBAB542DDAFE1700693D6C /* Debug */ = {
			isa = XCBuildConfiguration;
			buildSettings = {
				CODE_SIGN_STYLE = Automatic;
				CURRENT_PROJECT_VERSION = 1;
				DEVELOPMENT_TEAM = CP8Q52RFD3;
				GENERATE_INFOPLIST_FILE = YES;
				MARKETING_VERSION = 1.0;
				PRODUCT_BUNDLE_IDENTIFIER = me.ColorChangeUITests;
				PRODUCT_NAME = "$(TARGET_NAME)";
				SWIFT_EMIT_LOC_STRINGS = NO;
				SWIFT_VERSION = 5.0;
				TARGETED_DEVICE_FAMILY = "1,2";
				TEST_TARGET_NAME = ColorChange;
			};
			name = Debug;
		};
		A6CBAB552DDAFE1700693D6C /* Release */ = {
			isa = XCBuildConfiguration;
			buildSettings = {
				CODE_SIGN_STYLE = Automatic;
				CURRENT_PROJECT_VERSION = 1;
				DEVELOPMENT_TEAM = CP8Q52RFD3;
				GENERATE_INFOPLIST_FILE = YES;
				MARKETING_VERSION = 1.0;
				PRODUCT_BUNDLE_IDENTIFIER = me.ColorChangeUITests;
				PRODUCT_NAME = "$(TARGET_NAME)";
				SWIFT_EMIT_LOC_STRINGS = NO;
				SWIFT_VERSION = 5.0;
				TARGETED_DEVICE_FAMILY = "1,2";
				TEST_TARGET_NAME = ColorChange;
			};
			name = Release;
		};
/* End XCBuildConfiguration section */

/* Begin XCConfigurationList section */
		A6CBAB1D2DDAFE1400693D6C /* Build configuration list for PBXProject "ColorChange" */ = {
			isa = XCConfigurationList;
			buildConfigurations = (
				A6CBAB4E2DDAFE1700693D6C /* Debug */,
				A6CBAB4F2DDAFE1700693D6C /* Release */,
			);
			defaultConfigurationIsVisible = 0;
			defaultConfigurationName = Release;
		};
		A6CBAB4B2DDAFE1700693D6C /* Build configuration list for PBXNativeTarget "ColorChange" */ = {
			isa = XCConfigurationList;
			buildConfigurations = (
				A6CBAB4C2DDAFE1700693D6C /* Debug */,
				A6CBAB4D2DDAFE1700693D6C /* Release */,
			);
			defaultConfigurationIsVisible = 0;
			defaultConfigurationName = Release;
		};
		A6CBAB502DDAFE1700693D6C /* Build configuration list for PBXNativeTarget "ColorChangeTests" */ = {
			isa = XCConfigurationList;
			buildConfigurations = (
				A6CBAB512DDAFE1700693D6C /* Debug */,
				A6CBAB522DDAFE1700693D6C /* Release */,
			);
			defaultConfigurationIsVisible = 0;
			defaultConfigurationName = Release;
		};
		A6CBAB532DDAFE1700693D6C /* Build configuration list for PBXNativeTarget "ColorChangeUITests" */ = {
			isa = XCConfigurationList;
			buildConfigurations = (
				A6CBAB542DDAFE1700693D6C /* Debug */,
				A6CBAB552DDAFE1700693D6C /* Release */,
			);
			defaultConfigurationIsVisible = 0;
			defaultConfigurationName = Release;
		};
/* End XCConfigurationList section */
	};
	rootObject = A6CBAB1A2DDAFE1400693D6C /* Project object */;
}
